// !$*UTF8*$!
{
	archiveVersion = 1;
	classes = {
	};
	objectVersion = 46;
	objects = {

/* Begin PBXBuildFile section */
		37182E5B1EF3B28F00D23665 /* main.m in Sources */ = {isa = PBXBuildFile; fileRef = 37182E5A1EF3B28F00D23665 /* main.m */; };
		37182E5E1EF3B28F00D23665 /* AppDelegate.m in Sources */ = {isa = PBXBuildFile; fileRef = 37182E5D1EF3B28F00D23665 /* AppDelegate.m */; };
		37182E611EF3B28F00D23665 /* ViewController.m in Sources */ = {isa = PBXBuildFile; fileRef = 37182E601EF3B28F00D23665 /* ViewController.m */; };
		37182E661EF3B28F00D23665 /* Assets.xcassets in Resources */ = {isa = PBXBuildFile; fileRef = 37182E651EF3B28F00D23665 /* Assets.xcassets */; };
		37182E691EF3B28F00D23665 /* LaunchScreen.storyboard in Resources */ = {isa = PBXBuildFile; fileRef = 37182E671EF3B28F00D23665 /* LaunchScreen.storyboard */; };
		37182E761EF3B40500D23665 /* CBTabbarViewController.m in Sources */ = {isa = PBXBuildFile; fileRef = 37182E751EF3B40500D23665 /* CBTabbarViewController.m */; };
		37182E791EF3B42600D23665 /* CBNavigationController.m in Sources */ = {isa = PBXBuildFile; fileRef = 37182E781EF3B42600D23665 /* CBNavigationController.m */; };
		37182E7C1EF3B44200D23665 /* UIView+Addition.m in Sources */ = {isa = PBXBuildFile; fileRef = 37182E7B1EF3B44200D23665 /* UIView+Addition.m */; };
		37182E7F1EF3B45E00D23665 /* NSObject+Addition.m in Sources */ = {isa = PBXBuildFile; fileRef = 37182E7E1EF3B45E00D23665 /* NSObject+Addition.m */; };
		37182E831EF3B76800D23665 /* WNTableView.m in Sources */ = {isa = PBXBuildFile; fileRef = 37182E821EF3B76800D23665 /* WNTableView.m */; };
		37182E861EF3B77E00D23665 /* WNScrollView.m in Sources */ = {isa = PBXBuildFile; fileRef = 37182E851EF3B77E00D23665 /* WNScrollView.m */; };
		37182E891EF3B79E00D23665 /* WNBaseViewController.m in Sources */ = {isa = PBXBuildFile; fileRef = 37182E881EF3B79E00D23665 /* WNBaseViewController.m */; };
		37182E8C1EF3B9BA00D23665 /* WNSafeMutableArray.m in Sources */ = {isa = PBXBuildFile; fileRef = 37182E8B1EF3B9BA00D23665 /* WNSafeMutableArray.m */; };
/* End PBXBuildFile section */

/* Begin PBXFileReference section */
		37182E561EF3B28E00D23665 /* CBStudyProject.app */ = {isa = PBXFileReference; explicitFileType = wrapper.application; includeInIndex = 0; path = CBStudyProject.app; sourceTree = BUILT_PRODUCTS_DIR; };
		37182E5A1EF3B28F00D23665 /* main.m */ = {isa = PBXFileReference; lastKnownFileType = sourcecode.c.objc; path = main.m; sourceTree = "<group>"; };
		37182E5C1EF3B28F00D23665 /* AppDelegate.h */ = {isa = PBXFileReference; lastKnownFileType = sourcecode.c.h; path = AppDelegate.h; sourceTree = "<group>"; };
		37182E5D1EF3B28F00D23665 /* AppDelegate.m */ = {isa = PBXFileReference; lastKnownFileType = sourcecode.c.objc; path = AppDelegate.m; sourceTree = "<group>"; };
		37182E5F1EF3B28F00D23665 /* ViewController.h */ = {isa = PBXFileReference; lastKnownFileType = sourcecode.c.h; path = ViewController.h; sourceTree = "<group>"; };
		37182E601EF3B28F00D23665 /* ViewController.m */ = {isa = PBXFileReference; lastKnownFileType = sourcecode.c.objc; path = ViewController.m; sourceTree = "<group>"; };
		37182E651EF3B28F00D23665 /* Assets.xcassets */ = {isa = PBXFileReference; lastKnownFileType = folder.assetcatalog; path = Assets.xcassets; sourceTree = "<group>"; };
		37182E681EF3B28F00D23665 /* Base */ = {isa = PBXFileReference; lastKnownFileType = file.storyboard; name = Base; path = Base.lproj/LaunchScreen.storyboard; sourceTree = "<group>"; };
		37182E6A1EF3B28F00D23665 /* Info.plist */ = {isa = PBXFileReference; lastKnownFileType = text.plist.xml; path = Info.plist; sourceTree = "<group>"; };
		37182E741EF3B40500D23665 /* CBTabbarViewController.h */ = {isa = PBXFileReference; fileEncoding = 4; lastKnownFileType = sourcecode.c.h; path = CBTabbarViewController.h; sourceTree = "<group>"; };
		37182E751EF3B40500D23665 /* CBTabbarViewController.m */ = {isa = PBXFileReference; fileEncoding = 4; lastKnownFileType = sourcecode.c.objc; path = CBTabbarViewController.m; sourceTree = "<group>"; };
		37182E771EF3B42600D23665 /* CBNavigationController.h */ = {isa = PBXFileReference; fileEncoding = 4; lastKnownFileType = sourcecode.c.h; path = CBNavigationController.h; sourceTree = "<group>"; };
		37182E781EF3B42600D23665 /* CBNavigationController.m */ = {isa = PBXFileReference; fileEncoding = 4; lastKnownFileType = sourcecode.c.objc; path = CBNavigationController.m; sourceTree = "<group>"; };
		37182E7A1EF3B44200D23665 /* UIView+Addition.h */ = {isa = PBXFileReference; fileEncoding = 4; lastKnownFileType = sourcecode.c.h; path = "UIView+Addition.h"; sourceTree = "<group>"; };
		37182E7B1EF3B44200D23665 /* UIView+Addition.m */ = {isa = PBXFileReference; fileEncoding = 4; lastKnownFileType = sourcecode.c.objc; path = "UIView+Addition.m"; sourceTree = "<group>"; };
		37182E7D1EF3B45E00D23665 /* NSObject+Addition.h */ = {isa = PBXFileReference; fileEncoding = 4; lastKnownFileType = sourcecode.c.h; path = "NSObject+Addition.h"; sourceTree = "<group>"; };
		37182E7E1EF3B45E00D23665 /* NSObject+Addition.m */ = {isa = PBXFileReference; fileEncoding = 4; lastKnownFileType = sourcecode.c.objc; path = "NSObject+Addition.m"; sourceTree = "<group>"; };
		37182E811EF3B76800D23665 /* WNTableView.h */ = {isa = PBXFileReference; fileEncoding = 4; lastKnownFileType = sourcecode.c.h; path = WNTableView.h; sourceTree = "<group>"; };
		37182E821EF3B76800D23665 /* WNTableView.m */ = {isa = PBXFileReference; fileEncoding = 4; lastKnownFileType = sourcecode.c.objc; path = WNTableView.m; sourceTree = "<group>"; };
		37182E841EF3B77E00D23665 /* WNScrollView.h */ = {isa = PBXFileReference; fileEncoding = 4; lastKnownFileType = sourcecode.c.h; path = WNScrollView.h; sourceTree = "<group>"; };
		37182E851EF3B77E00D23665 /* WNScrollView.m */ = {isa = PBXFileReference; fileEncoding = 4; lastKnownFileType = sourcecode.c.objc; path = WNScrollView.m; sourceTree = "<group>"; };
		37182E871EF3B79E00D23665 /* WNBaseViewController.h */ = {isa = PBXFileReference; fileEncoding = 4; lastKnownFileType = sourcecode.c.h; path = WNBaseViewController.h; sourceTree = "<group>"; };
		37182E881EF3B79E00D23665 /* WNBaseViewController.m */ = {isa = PBXFileReference; fileEncoding = 4; lastKnownFileType = sourcecode.c.objc; path = WNBaseViewController.m; sourceTree = "<group>"; };
		37182E8A1EF3B9BA00D23665 /* WNSafeMutableArray.h */ = {isa = PBXFileReference; fileEncoding = 4; lastKnownFileType = sourcecode.c.h; path = WNSafeMutableArray.h; sourceTree = "<group>"; };
		37182E8B1EF3B9BA00D23665 /* WNSafeMutableArray.m */ = {isa = PBXFileReference; fileEncoding = 4; lastKnownFileType = sourcecode.c.objc; path = WNSafeMutableArray.m; sourceTree = "<group>"; };
/* End PBXFileReference section */

/* Begin PBXFrameworksBuildPhase section */
		37182E531EF3B28E00D23665 /* Frameworks */ = {
			isa = PBXFrameworksBuildPhase;
			buildActionMask = 2147483647;
			files = (
			);
			runOnlyForDeploymentPostprocessing = 0;
		};
/* End PBXFrameworksBuildPhase section */

/* Begin PBXGroup section */
		37182E4D1EF3B28E00D23665 = {
			isa = PBXGroup;
			children = (
				37182E581EF3B28F00D23665 /* CBStudyProject */,
				37182E571EF3B28E00D23665 /* Products */,
			);
			sourceTree = "<group>";
		};
		37182E571EF3B28E00D23665 /* Products */ = {
			isa = PBXGroup;
			children = (
				37182E561EF3B28E00D23665 /* CBStudyProject.app */,
			);
			name = Products;
			sourceTree = "<group>";
		};
		37182E581EF3B28F00D23665 /* CBStudyProject */ = {
			isa = PBXGroup;
			children = (
				37182E801EF3B74E00D23665 /* WNUIKit */,
				37182E721EF3B3DA00D23665 /* Foundtion+Addition */,
				37182E731EF3B3DA00D23665 /* UIKit+Addition */,
				37182E701EF3B2EB00D23665 /* Navigation */,
				37182E711EF3B2EB00D23665 /* Tabbar */,
				37182E5C1EF3B28F00D23665 /* AppDelegate.h */,
				37182E5D1EF3B28F00D23665 /* AppDelegate.m */,
				37182E5F1EF3B28F00D23665 /* ViewController.h */,
				37182E601EF3B28F00D23665 /* ViewController.m */,
				37182E651EF3B28F00D23665 /* Assets.xcassets */,
				37182E671EF3B28F00D23665 /* LaunchScreen.storyboard */,
				37182E6A1EF3B28F00D23665 /* Info.plist */,
				37182E591EF3B28F00D23665 /* Supporting Files */,
			);
			path = CBStudyProject;
			sourceTree = "<group>";
		};
		37182E591EF3B28F00D23665 /* Supporting Files */ = {
			isa = PBXGroup;
			children = (
				37182E5A1EF3B28F00D23665 /* main.m */,
			);
			name = "Supporting Files";
			sourceTree = "<group>";
		};
		37182E701EF3B2EB00D23665 /* Navigation */ = {
			isa = PBXGroup;
			children = (
				37182E771EF3B42600D23665 /* CBNavigationController.h */,
				37182E781EF3B42600D23665 /* CBNavigationController.m */,
			);
			path = Navigation;
			sourceTree = "<group>";
		};
		37182E711EF3B2EB00D23665 /* Tabbar */ = {
			isa = PBXGroup;
			children = (
				37182E741EF3B40500D23665 /* CBTabbarViewController.h */,
				37182E751EF3B40500D23665 /* CBTabbarViewController.m */,
			);
			path = Tabbar;
			sourceTree = "<group>";
		};
		37182E721EF3B3DA00D23665 /* Foundtion+Addition */ = {
			isa = PBXGroup;
			children = (
				37182E7D1EF3B45E00D23665 /* NSObject+Addition.h */,
				37182E7E1EF3B45E00D23665 /* NSObject+Addition.m */,
				37182E8A1EF3B9BA00D23665 /* WNSafeMutableArray.h */,
				37182E8B1EF3B9BA00D23665 /* WNSafeMutableArray.m */,
			);
			path = "Foundtion+Addition";
			sourceTree = "<group>";
		};
		37182E731EF3B3DA00D23665 /* UIKit+Addition */ = {
			isa = PBXGroup;
			children = (
				37182E7A1EF3B44200D23665 /* UIView+Addition.h */,
				37182E7B1EF3B44200D23665 /* UIView+Addition.m */,
			);
			path = "UIKit+Addition";
			sourceTree = "<group>";
		};
		37182E801EF3B74E00D23665 /* WNUIKit */ = {
			isa = PBXGroup;
			children = (
				37182E811EF3B76800D23665 /* WNTableView.h */,
				37182E821EF3B76800D23665 /* WNTableView.m */,
				37182E841EF3B77E00D23665 /* WNScrollView.h */,
				37182E851EF3B77E00D23665 /* WNScrollView.m */,
				37182E871EF3B79E00D23665 /* WNBaseViewController.h */,
				37182E881EF3B79E00D23665 /* WNBaseViewController.m */,
			);
			path = WNUIKit;
			sourceTree = "<group>";
		};
/* End PBXGroup section */

/* Begin PBXNativeTarget section */
		37182E551EF3B28E00D23665 /* CBStudyProject */ = {
			isa = PBXNativeTarget;
			buildConfigurationList = 37182E6D1EF3B28F00D23665 /* Build configuration list for PBXNativeTarget "CBStudyProject" */;
			buildPhases = (
				37182E521EF3B28E00D23665 /* Sources */,
				37182E531EF3B28E00D23665 /* Frameworks */,
				37182E541EF3B28E00D23665 /* Resources */,
			);
			buildRules = (
			);
			dependencies = (
			);
			name = CBStudyProject;
			productName = CBStudyProject;
			productReference = 37182E561EF3B28E00D23665 /* CBStudyProject.app */;
			productType = "com.apple.product-type.application";
		};
/* End PBXNativeTarget section */

/* Begin PBXProject section */
		37182E4E1EF3B28E00D23665 /* Project object */ = {
			isa = PBXProject;
			attributes = {
				LastUpgradeCheck = 0830;
				ORGANIZATIONNAME = ChenBin;
				TargetAttributes = {
					37182E551EF3B28E00D23665 = {
						CreatedOnToolsVersion = 8.3.2;
						DevelopmentTeam = 6U4Q5ZVMMM;
						ProvisioningStyle = Automatic;
					};
				};
			};
			buildConfigurationList = 37182E511EF3B28E00D23665 /* Build configuration list for PBXProject "CBStudyProject" */;
			compatibilityVersion = "Xcode 3.2";
			developmentRegion = English;
			hasScannedForEncodings = 0;
			knownRegions = (
				en,
				Base,
			);
			mainGroup = 37182E4D1EF3B28E00D23665;
			productRefGroup = 37182E571EF3B28E00D23665 /* Products */;
			projectDirPath = "";
			projectRoot = "";
			targets = (
				37182E551EF3B28E00D23665 /* CBStudyProject */,
			);
		};
/* End PBXProject section */

/* Begin PBXResourcesBuildPhase section */
		37182E541EF3B28E00D23665 /* Resources */ = {
			isa = PBXResourcesBuildPhase;
			buildActionMask = 2147483647;
			files = (
				37182E691EF3B28F00D23665 /* LaunchScreen.storyboard in Resources */,
				37182E661EF3B28F00D23665 /* Assets.xcassets in Resources */,
			);
			runOnlyForDeploymentPostprocessing = 0;
		};
/* End PBXResourcesBuildPhase section */

/* Begin PBXSourcesBuildPhase section */
		37182E521EF3B28E00D23665 /* Sources */ = {
			isa = PBXSourcesBuildPhase;
			buildActionMask = 2147483647;
			files = (
				37182E831EF3B76800D23665 /* WNTableView.m in Sources */,
				37182E791EF3B42600D23665 /* CBNavigationController.m in Sources */,
				37182E891EF3B79E00D23665 /* WNBaseViewController.m in Sources */,
				37182E611EF3B28F00D23665 /* ViewController.m in Sources */,
				37182E7F1EF3B45E00D23665 /* NSObject+Addition.m in Sources */,
				37182E8C1EF3B9BA00D23665 /* WNSafeMutableArray.m in Sources */,
				37182E7C1EF3B44200D23665 /* UIView+Addition.m in Sources */,
				37182E861EF3B77E00D23665 /* WNScrollView.m in Sources */,
				37182E5E1EF3B28F00D23665 /* AppDelegate.m in Sources */,
				37182E5B1EF3B28F00D23665 /* main.m in Sources */,
				37182E761EF3B40500D23665 /* CBTabbarViewController.m in Sources */,
			);
			runOnlyForDeploymentPostprocessing = 0;
		};
/* End PBXSourcesBuildPhase section */

/* Begin PBXVariantGroup section */
		37182E671EF3B28F00D23665 /* LaunchScreen.storyboard */ = {
			isa = PBXVariantGroup;
			children = (
				37182E681EF3B28F00D23665 /* Base */,
			);
			name = LaunchScreen.storyboard;
			sourceTree = "<group>";
		};
/* End PBXVariantGroup section */

/* Begin XCBuildConfiguration section */
		37182E6B1EF3B28F00D23665 /* Debug */ = {
			isa = XCBuildConfiguration;
			buildSettings = {
				ALWAYS_SEARCH_USER_PATHS = NO;
				CLANG_ANALYZER_NONNULL = YES;
				CLANG_ANALYZER_NUMBER_OBJECT_CONVERSION = YES_AGGRESSIVE;
				CLANG_CXX_LANGUAGE_STANDARD = "gnu++0x";
				CLANG_CXX_LIBRARY = "libc++";
				CLANG_ENABLE_MODULES = YES;
				CLANG_ENABLE_OBJC_ARC = YES;
				CLANG_WARN_BOOL_CONVERSION = YES;
				CLANG_WARN_CONSTANT_CONVERSION = YES;
				CLANG_WARN_DIRECT_OBJC_ISA_USAGE = YES_ERROR;
				CLANG_WARN_DOCUMENTATION_COMMENTS = YES;
				CLANG_WARN_EMPTY_BODY = YES;
				CLANG_WARN_ENUM_CONVERSION = YES;
				CLANG_WARN_INFINITE_RECURSION = YES;
				CLANG_WARN_INT_CONVERSION = YES;
				CLANG_WARN_OBJC_ROOT_CLASS = YES_ERROR;
				CLANG_WARN_SUSPICIOUS_MOVE = YES;
				CLANG_WARN_UNREACHABLE_CODE = YES;
				CLANG_WARN__DUPLICATE_METHOD_MATCH = YES;
				"CODE_SIGN_IDENTITY[sdk=iphoneos*]" = "iPhone Developer";
				COPY_PHASE_STRIP = NO;
				DEBUG_INFORMATION_FORMAT = dwarf;
				ENABLE_STRICT_OBJC_MSGSEND = YES;
				ENABLE_TESTABILITY = YES;
				GCC_C_LANGUAGE_STANDARD = gnu99;
				GCC_DYNAMIC_NO_PIC = NO;
				GCC_NO_COMMON_BLOCKS = YES;
				GCC_OPTIMIZATION_LEVEL = 0;
				GCC_PREPROCESSOR_DEFINITIONS = (
					"DEBUG=1",
					"$(inherited)",
				);
				GCC_WARN_64_TO_32_BIT_CONVERSION = YES;
				GCC_WARN_ABOUT_RETURN_TYPE = YES_ERROR;
				GCC_WARN_UNDECLARED_SELECTOR = YES;
				GCC_WARN_UNINITIALIZED_AUTOS = YES_AGGRESSIVE;
				GCC_WARN_UNUSED_FUNCTION = YES;
				GCC_WARN_UNUSED_VARIABLE = YES;
				IPHONEOS_DEPLOYMENT_TARGET = 10.3;
				MTL_ENABLE_DEBUG_INFO = YES;
				ONLY_ACTIVE_ARCH = YES;
				SDKROOT = iphoneos;
			};
			name = Debug;
		};
		37182E6C1EF3B28F00D23665 /* Release */ = {
			isa = XCBuildConfiguration;
			buildSettings = {
				ALWAYS_SEARCH_USER_PATHS = NO;
				CLANG_ANALYZER_NONNULL = YES;
				CLANG_ANALYZER_NUMBER_OBJECT_CONVERSION = YES_AGGRESSIVE;
				CLANG_CXX_LANGUAGE_STANDARD = "gnu++0x";
				CLANG_CXX_LIBRARY = "libc++";
				CLANG_ENABLE_MODULES = YES;
				CLANG_ENABLE_OBJC_ARC = YES;
				CLANG_WARN_BOOL_CONVERSION = YES;
				CLANG_WARN_CONSTANT_CONVERSION = YES;
				CLANG_WARN_DIRECT_OBJC_ISA_USAGE = YES_ERROR;
				CLANG_WARN_DOCUMENTATION_COMMENTS = YES;
				CLANG_WARN_EMPTY_BODY = YES;
				CLANG_WARN_ENUM_CONVERSION = YES;
				CLANG_WARN_INFINITE_RECURSION = YES;
				CLANG_WARN_INT_CONVERSION = YES;
				CLANG_WARN_OBJC_ROOT_CLASS = YES_ERROR;
				CLANG_WARN_SUSPICIOUS_MOVE = YES;
				CLANG_WARN_UNREACHABLE_CODE = YES;
				CLANG_WARN__DUPLICATE_METHOD_MATCH = YES;
				"CODE_SIGN_IDENTITY[sdk=iphoneos*]" = "iPhone Developer";
				COPY_PHASE_STRIP = NO;
				DEBUG_INFORMATION_FORMAT = "dwarf-with-dsym";
				ENABLE_NS_ASSERTIONS = NO;
				ENABLE_STRICT_OBJC_MSGSEND = YES;
				GCC_C_LANGUAGE_STANDARD = gnu99;
				GCC_NO_COMMON_BLOCKS = YES;
				GCC_WARN_64_TO_32_BIT_CONVERSION = YES;
				GCC_WARN_ABOUT_RETURN_TYPE = YES_ERROR;
				GCC_WARN_UNDECLARED_SELECTOR = YES;
				GCC_WARN_UNINITIALIZED_AUTOS = YES_AGGRESSIVE;
				GCC_WARN_UNUSED_FUNCTION = YES;
				GCC_WARN_UNUSED_VARIABLE = YES;
				IPHONEOS_DEPLOYMENT_TARGET = 10.3;
				MTL_ENABLE_DEBUG_INFO = NO;
				SDKROOT = iphoneos;
				VALIDATE_PRODUCT = YES;
			};
			name = Release;
		};
		37182E6E1EF3B28F00D23665 /* Debug */ = {
			isa = XCBuildConfiguration;
			buildSettings = {
				ASSETCATALOG_COMPILER_APPICON_NAME = AppIcon;
				DEVELOPMENT_TEAM = 6U4Q5ZVMMM;
				INFOPLIST_FILE = CBStudyProject/Info.plist;
				LD_RUNPATH_SEARCH_PATHS = "$(inherited) @executable_path/Frameworks";
				PRODUCT_BUNDLE_IDENTIFIER = com.wnyfk.CBStudyProject;
				PRODUCT_NAME = "$(TARGET_NAME)";
			};
			name = Debug;
		};
		37182E6F1EF3B28F00D23665 /* Release */ = {
			isa = XCBuildConfiguration;
			buildSettings = {
				ASSETCATALOG_COMPILER_APPICON_NAME = AppIcon;
				DEVELOPMENT_TEAM = 6U4Q5ZVMMM;
				INFOPLIST_FILE = CBStudyProject/Info.plist;
				LD_RUNPATH_SEARCH_PATHS = "$(inherited) @executable_path/Frameworks";
				PRODUCT_BUNDLE_IDENTIFIER = com.wnyfk.CBStudyProject;
				PRODUCT_NAME = "$(TARGET_NAME)";
			};
			name = Release;
		};
/* End XCBuildConfiguration section */

/* Begin XCConfigurationList section */
		37182E511EF3B28E00D23665 /* Build configuration list for PBXProject "CBStudyProject" */ = {
			isa = XCConfigurationList;
			buildConfigurations = (
				37182E6B1EF3B28F00D23665 /* Debug */,
				37182E6C1EF3B28F00D23665 /* Release */,
			);
			defaultConfigurationIsVisible = 0;
			defaultConfigurationName = Release;
		};
		37182E6D1EF3B28F00D23665 /* Build configuration list for PBXNativeTarget "CBStudyProject" */ = {
			isa = XCConfigurationList;
			buildConfigurations = (
				37182E6E1EF3B28F00D23665 /* Debug */,
				37182E6F1EF3B28F00D23665 /* Release */,
			);
			defaultConfigurationIsVisible = 0;
		};
/* End XCConfigurationList section */
	};
	rootObject = 37182E4E1EF3B28E00D23665 /* Project object */;
}
